
Microsoft Visual Studio Solution File, Format Version 12.00
# Visual Studio Version 17
VisualStudioVersion = 17.0.31903.59
MinimumVisualStudioVersion = 10.0.40219.1
Project("{FAE04EC0-301F-11D3-BF4B-00C04F79EFBC}") = "MCSupportApp", "MCSupportApp\MCSupportApp.csproj", "{74055D89-E416-4304-834E-EA00A78879BA}"
EndProject
Global
	GlobalSection(SolutionConfigurationPlatforms) = preSolution
		Debug|Any CPU = Debug|Any CPU
		Release|Any CPU = Release|Any CPU
	EndGlobalSection
	GlobalSection(ProjectConfigurationPlatforms) = postSolution
		{74055D89-E416-4304-834E-EA00A78879BA}.Debug|Any CPU.ActiveCfg = Debug|Any CPU
		{74055D89-E416-4304-834E-EA00A78879BA}.Debug|Any CPU.Build.0 = Debug|Any CPU
		{74055D89-E416-4304-834E-EA00A78879BA}.Release|Any CPU.ActiveCfg = Release|Any CPU
		{74055D89-E416-4304-834E-EA00A78879BA}.Release|Any CPU.Build.0 = Release|Any CPU
	EndGlobalSection
	GlobalSection(SolutionProperties) = preSolution
		HideSolutionNode = FALSE
	EndGlobalSection
	GlobalSection(ExtensibilityGlobals) = postSolution
		SolutionGuid = {FD0893C0-9641-40E3-900E-25D9756D1C4E}
	EndGlobalSection
EndGlobal
